
Microsoft Visual Studio Solution File, Format Version 12.00
# Visual Studio Version 17
VisualStudioVersion = 17.11.35327.3
MinimumVisualStudioVersion = 10.0.40219.1
Project("{FAE04EC0-301F-11D3-BF4B-00C04F79EFBC}") = "BlazorApp7", "BlazorApp7.csproj", "{800A8B41-8DE5-4852-A64F-4DA21F2136D9}"
EndProject
Global
	GlobalSection(SolutionConfigurationPlatforms) = preSolution
		Debug|Any CPU = Debug|Any CPU
		Release|Any CPU = Release|Any CPU
	EndGlobalSection
	GlobalSection(ProjectConfigurationPlatforms) = postSolution
		{800A8B41-8DE5-4852-A64F-4DA21F2136D9}.Debug|Any CPU.ActiveCfg = Debug|Any CPU
		{800A8B41-8DE5-4852-A64F-4DA21F2136D9}.Debug|Any CPU.Build.0 = Debug|Any CPU
		{800A8B41-8DE5-4852-A64F-4DA21F2136D9}.Release|Any CPU.ActiveCfg = Release|Any CPU
		{800A8B41-8DE5-4852-A64F-4DA21F2136D9}.Release|Any CPU.Build.0 = Release|Any CPU
	EndGlobalSection
	GlobalSection(SolutionProperties) = preSolution
		HideSolutionNode = FALSE
	EndGlobalSection
	GlobalSection(ExtensibilityGlobals) = postSolution
		SolutionGuid = {143DBE4F-080B-42FD-B0D3-9EEECCACC3E6}
	EndGlobalSection
EndGlobal
