
Microsoft Visual Studio Solution File, Format Version 12.00
# Visual Studio Version 17
VisualStudioVersion = 17.11.35327.3
MinimumVisualStudioVersion = 10.0.40219.1
Project("{9A19103F-16F7-4668-BE54-9A1E7A4F7556}") = "BlazorApp8", "BlazorApp8.csproj", "{A163C3AA-8FBD-40A0-AC9A-92F8DB1290DE}"
EndProject
Global
	GlobalSection(SolutionConfigurationPlatforms) = preSolution
		Debug|Any CPU = Debug|Any CPU
		Release|Any CPU = Release|Any CPU
	EndGlobalSection
	GlobalSection(ProjectConfigurationPlatforms) = postSolution
		{A163C3AA-8FBD-40A0-AC9A-92F8DB1290DE}.Debug|Any CPU.ActiveCfg = Debug|Any CPU
		{A163C3AA-8FBD-40A0-AC9A-92F8DB1290DE}.Debug|Any CPU.Build.0 = Debug|Any CPU
		{A163C3AA-8FBD-40A0-AC9A-92F8DB1290DE}.Release|Any CPU.ActiveCfg = Release|Any CPU
		{A163C3AA-8FBD-40A0-AC9A-92F8DB1290DE}.Release|Any CPU.Build.0 = Release|Any CPU
	EndGlobalSection
	GlobalSection(SolutionProperties) = preSolution
		HideSolutionNode = FALSE
	EndGlobalSection
	GlobalSection(ExtensibilityGlobals) = postSolution
		SolutionGuid = {8A542E62-B50B-42CA-8B58-54D1DEE45A45}
	EndGlobalSection
EndGlobal
